{
  "name": "stream-json",
  "version": "1.0.0",
  "lockfileVersion": 3,
  "requires": true,
  "packages": {
    "": {
      "name": "stream-json",
      "version": "1.0.0",
      "license": "ISC",
      "dependencies": {
        "clarinet": "^0.12.6"
      }
    },
    "node_modules/clarinet": {
      "version": "0.12.6",
      "resolved": "https://registry.npmjs.org/clarinet/-/clarinet-0.12.6.tgz",
      "integrity": "sha512-0FR+TrvLbYHLjhzs9oeIbd3yfZmd4u2DzYQEjUTm2dNfh4Y/9RIRWPjsm3aBtrVEpjKI7+lWa4ouqEXoml84mQ==",
      "license": "BSD-2-Clause",
      "engines": {
        "chrome": ">=16.0.912",
        "firefox": ">=0.8.0",
        "node": ">=0.3.6"
      }
    }
  }
}
